{
  "name": "quikpik",
  "version": "0.0.17",
  "lockfileVersion": 2,
  "requires": true,
  "packages": {
    "": {
      "version": "0.0.17",
      "license": "MIT",
      "devDependencies": {
        "esbuild": "0.8.54"
      }
    },
    "node_modules/esbuild": {
      "version": "0.8.54",
      "resolved": "https://registry.npmjs.org/esbuild/-/esbuild-0.8.54.tgz",
      "integrity": "sha512-DJH38OiTgXJxFb/EhHrCrY8eGmtdkTtWymHpN9IYN9AF+4jykT0dQArr7wzFejpVbaB0TMIq2+vfNRWr3LXpvw==",
      "dev": true,
      "hasInstallScript": true,
      "bin": {
        "esbuild": "bin/esbuild"
      }
    }
  },
  "dependencies": {
    "esbuild": {
      "version": "0.8.54",
      "resolved": "https://registry.npmjs.org/esbuild/-/esbuild-0.8.54.tgz",
      "integrity": "sha512-DJH38OiTgXJxFb/EhHrCrY8eGmtdkTtWymHpN9IYN9AF+4jykT0dQArr7wzFejpVbaB0TMIq2+vfNRWr3LXpvw==",
      "dev": true
    }
  }
}
